{
  "name": "2026-09-10-supalite-vs-postgrest",
  "version": "1.0.0",
  "lockfileVersion": 3,
  "requires": true,
  "packages": {
    "": {
      "name": "2026-09-10-supalite-vs-postgrest",
      "version": "1.0.0",
      "license": "ISC",
      "dependencies": {
        "@supabase/lite": "^0.10.0",
        "postgres": "^3.4.9"
      }
    },
    "node_modules/@commander-js/extra-typings": {
      "version": "14.0.0",
      "resolved": "https://registry.npmjs.org/@commander-js/extra-typings/-/extra-typings-14.0.0.tgz",
      "integrity": "sha512-hIn0ncNaJRLkZrxBIp5AsW/eXEHNKYQBh0aPdoUqNgD+Io3NIykQqpKFyKcuasZhicGaEZJX/JBSIkZ4e5x8Dg==",
      "license": "MIT",
      "peerDependencies": {
        "commander": "~14.0.0"
      }
    },
    "node_modules/@electric-sql/pglite": {
      "version": "0.4.5",
      "resolved": "https://registry.npmjs.org/@electric-sql/pglite/-/pglite-0.4.5.tgz",
      "integrity": "sha512-aGG2zGEyZzGWKy8P+9ZoNUV0jxt1+hgbeTf+bVAYyxVZZLXg3/9aFlfLxb08AYZVAfAkQlQIysmWjhc5hwDG8g==",
      "license": "Apache-2.0"
    },
    "node_modules/@hono/node-server": {
      "version": "1.19.17",
      "resolved": "https://registry.npmjs.org/@hono/node-server/-/node-server-1.19.17.tgz",
      "integrity": "sha512-dSneS5qhiauZWGDCeK4o695Xd9nUNjviSZCMQrj10eetr8Uln1ucn6bbphOM6UynAMMtNIzZNSpL9vnASJwrPQ==",
      "license": "MIT",
      "engines": {
        "node": ">=18.14.1"
      },
      "peerDependencies": {
        "hono": "^4"
      }
    },
    "node_modules/@opentelemetry/api": {
      "version": "1.9.1",
      "resolved": "https://registry.npmjs.org/@opentelemetry/api/-/api-1.9.1.tgz",
      "integrity": "sha512-gLyJlPHPZYdAk1JENA9LeHejZe1Ti77/pTeFm/nMXmQH/HFZlcS/O2XJB+L8fkbrNSqhdtlvjBVjxwUYanNH5Q==",
      "license": "Apache-2.0",
      "engines": {
        "node": ">=8.0.0"
      }
    },
    "node_modules/@opentelemetry/api-logs": {
      "version": "0.220.0",
      "resolved": "https://registry.npmjs.org/@opentelemetry/api-logs/-/api-logs-0.220.0.tgz",
      "integrity": "sha512-CmVa4ImJ+ynfrPMNaAXHET6Bhb44SwzmfyVJFq9ni2jgXJR/l7C6gfVFddNmHP+ZOkP9cf4f9DBe68qVLTHc9w==",
      "license": "Apache-2.0",
      "dependencies": {
        "@opentelemetry/api": "^1.3.0"
      },
      "engines": {
        "node": ">=8.0.0"
      }
    },
    "node_modules/@opentelemetry/core": {
      "version": "2.11.0",
      "resolved": "https://registry.npmjs.org/@opentelemetry/core/-/core-2.11.0.tgz",
      "integrity": "sha512-7YP44XH0tV6+Mb54x2YGf84i7yi+31MBZlE8JwvozkxyTvXbSp10X7cI7YE49ChJ3shMJoBmCJF3+1QFBJctGA==",
      "license": "Apache-2.0",
      "dependencies": {
        "@opentelemetry/semantic-conventions": "^1.29.0"
      },
      "engines": {
        "node": "^18.19.0 || >=20.6.0"
      },
      "peerDependencies": {
        "@opentelemetry/api": ">=1.0.0 <1.10.0"
      }
    },
    "node_modules/@opentelemetry/instrumentation": {
      "version": "0.220.0",
      "resolved": "https://registry.npmjs.org/@opentelemetry/instrumentation/-/instrumentation-0.220.0.tgz",
      "integrity": "sha512-xQx3E2WxP1mDvKzxLxX+CTCtNLa560YJZ3087qYHerl2YmiKpv7AH+dAy7vmx+eVrZ5BwhfWUAVoKOoxCNHcpw==",
      "license": "Apache-2.0",
      "dependencies": {
        "@opentelemetry/api-logs": "0.220.0",
        "import-in-the-middle": "^3.0.0",
        "require-in-the-middle": "^8.0.0"
      },
      "engines": {
        "node": "^18.19.0 || >=20.6.0"
      },
      "peerDependencies": {
        "@opentelemetry/api": "^1.3.0"
      }
    },
    "node_modules/@opentelemetry/resources": {
      "version": "2.11.0",
      "resolved": "https://registry.npmjs.org/@opentelemetry/resources/-/resources-2.11.0.tgz",
      "integrity": "sha512-Ie7+8q8MDF4FAEQCKVMTx3ReUvxiIAgIiiW3c9JdmP8+HMcDy20puT+AHjexnExgnbvBxjQ9fjkFDWrikJ2jQA==",
      "license": "Apache-2.0",
      "dependencies": {
        "@opentelemetry/core": "2.11.0",
        "@opentelemetry/semantic-conventions": "^1.29.0"
      },
      "engines": {
        "node": "^18.19.0 || >=20.6.0"
      },
      "peerDependencies": {
        "@opentelemetry/api": ">=1.3.0 <1.10.0"
      }
    },
    "node_modules/@opentelemetry/sdk-trace": {
      "version": "2.11.0",
      "resolved": "https://registry.npmjs.org/@opentelemetry/sdk-trace/-/sdk-trace-2.11.0.tgz",
      "integrity": "sha512-fFnTqGm8/G73GQVnxYi7LXa1ZVYEUvgL6XI1LpvV0bPC7WQ/ZGgKxCSl8FnlZBKto9JHHEFTO6s6CUpvvtwFrA==",
      "license": "Apache-2.0",
      "dependencies": {
        "@opentelemetry/core": "2.11.0",
        "@opentelemetry/resources": "2.11.0",
        "@opentelemetry/semantic-conventions": "^1.29.0"
      },
      "engines": {
        "node": "^18.19.0 || >=20.6.0"
      },
      "peerDependencies": {
        "@opentelemetry/api": ">=1.3.0 <1.10.0"
      }
    },
    "node_modules/@opentelemetry/sdk-trace-base": {
      "version": "2.11.0",
      "resolved": "https://registry.npmjs.org/@opentelemetry/sdk-trace-base/-/sdk-trace-base-2.11.0.tgz",
      "integrity": "sha512-H19x/TX/LZdqiYOjM7fqtSxwlplC5pgelavqbQdHbhdq0q/AI/TGkM2dfGuuynTXmJPeF2HoZVoPDu+TGoW78A==",
      "license": "Apache-2.0",
      "dependencies": {
        "@opentelemetry/core": "2.11.0",
        "@opentelemetry/resources": "2.11.0",
        "@opentelemetry/sdk-trace": "2.11.0",
        "@opentelemetry/semantic-conventions": "^1.29.0"
      },
      "engines": {
        "node": "^18.19.0 || >=20.6.0"
      },
      "peerDependencies": {
        "@opentelemetry/api": ">=1.3.0 <1.10.0"
      }
    },
    "node_modules/@opentelemetry/semantic-conventions": {
      "version": "1.43.0",
      "resolved": "https://registry.npmjs.org/@opentelemetry/semantic-conventions/-/semantic-conventions-1.43.0.tgz",
      "integrity": "sha512-eSYWTm620tTk45EKSedaUL8MFYI8hW164hIXsgIHyxu3VobUB3fFCu5t0hQby6OoWRPsG1KkKUG2M5UadiLiVg==",
      "license": "Apache-2.0",
      "engines": {
        "node": ">=14"
      }
    },
    "node_modules/@pgsql/quotes": {
      "version": "17.1.0",
      "resolved": "https://registry.npmjs.org/@pgsql/quotes/-/quotes-17.1.0.tgz",
      "integrity": "sha512-J/H+LcrENBpYgL45WW6aTjb5Yk4tX4+AmB2/k8KZa+Zh3wiCtqmNIag+HZz5HmWaF6EZK9ZGC95NBD1fs+rUvg==",
      "license": "MIT"
    },
    "node_modules/@pgsql/types": {
      "version": "17.6.2",
      "resolved": "https://registry.npmjs.org/@pgsql/types/-/types-17.6.2.tgz",
      "integrity": "sha512-1UtbELdbqNdyOShhrVfSz3a1gDi0s9XXiQemx+6QqtsrXe62a6zOGU+vjb2GRfG5jeEokI1zBBcfD42enRv0Rw==",
      "license": "MIT"
    },
    "node_modules/@sentry/conventions": {
      "version": "0.16.0",
      "resolved": "https://registry.npmjs.org/@sentry/conventions/-/conventions-0.16.0.tgz",
      "integrity": "sha512-fO9PLmHdVURcSPUpWCItWAtgKiMwGdJHbovoSEyLplX5sxs2ugvI4CBPTrkkgqhObnZOD0CnWBKDzSVQYBKEyQ==",
      "license": "MIT",
      "engines": {
        "node": ">=14"
      }
    },
    "node_modules/@sentry/core": {
      "version": "10.74.0",
      "resolved": "https://registry.npmjs.org/@sentry/core/-/core-10.74.0.tgz",
      "integrity": "sha512-u9rY8vcZfktccwm6LznfCZlqP5C9A+p76r4/pFS1grqpuTO0m21Cl8rosnlESrDGP/Xd9tfr91rWYk0jPH8jeQ==",
      "license": "MIT",
      "dependencies": {
        "@sentry/conventions": "^0.16.0"
      },
      "engines": {
        "node": ">=18"
      }
    },
    "node_modules/@sentry/node": {
      "version": "10.74.0",
      "resolved": "https://registry.npmjs.org/@sentry/node/-/node-10.74.0.tgz",
      "integrity": "sha512-u1wsarTOWHn9CCev81Da5T4IQHZgdcosXRfX2+4DMII/lVJMBYesKixTQuMwXexjVG2+pkf16zTmgjZDa+75jA==",
      "license": "MIT",
      "dependencies": {
        "@opentelemetry/api": "^1.9.1",
        "@opentelemetry/instrumentation": "^0.220.0",
        "@opentelemetry/sdk-trace-base": "^2.9.0",
        "@sentry/conventions": "^0.16.0",
        "@sentry/core": "10.74.0",
        "@sentry/node-core": "10.74.0",
        "@sentry/opentelemetry": "10.74.0",
        "@sentry/server-utils": "10.74.0",
        "import-in-the-middle": "^3.0.0"
      },
      "engines": {
        "node": ">=18"
      }
    },
    "node_modules/@sentry/node-core": {
      "version": "10.74.0",
      "resolved": "https://registry.npmjs.org/@sentry/node-core/-/node-core-10.74.0.tgz",
      "integrity": "sha512-btgZXcGmkOGgojbxHo/gfGiyqYpzC9E8zVR78Q3MtM6Xnemk9gwJiQlhNmEX/FM+C36WBRPZrdcZcnMaJhbfJw==",
      "license": "MIT",
      "dependencies": {
        "@sentry/conventions": "^0.16.0",
        "@sentry/core": "10.74.0",
        "@sentry/opentelemetry": "10.74.0",
        "import-in-the-middle": "^3.0.0"
      },
      "engines": {
        "node": ">=18"
      },
      "peerDependencies": {
        "@opentelemetry/api": "^1.9.0",
        "@opentelemetry/core": "^1.30.1 || ^2.1.0",
        "@opentelemetry/exporter-trace-otlp-http": ">=0.57.0 <1",
        "@opentelemetry/instrumentation": ">=0.57.1 <1",
        "@opentelemetry/sdk-trace-base": "^1.30.1 || ^2.1.0"
      },
      "peerDependenciesMeta": {
        "@opentelemetry/api": {
          "optional": true
        },
        "@opentelemetry/core": {
          "optional": true
        },
        "@opentelemetry/exporter-trace-otlp-http": {
          "optional": true
        },
        "@opentelemetry/instrumentation": {
          "optional": true
        },
        "@opentelemetry/sdk-trace-base": {
          "optional": true
        }
      }
    },
    "node_modules/@sentry/opentelemetry": {
      "version": "10.74.0",
      "resolved": "https://registry.npmjs.org/@sentry/opentelemetry/-/opentelemetry-10.74.0.tgz",
      "integrity": "sha512-ua5mt0NDBfye+/ACKjAw9Ad2i+y42lOLvhxXZepZXjszblMz80MEsIZflMB7uLZUCTNH7MbZN8tlzCy8KsJKmQ==",
      "license": "MIT",
      "dependencies": {
        "@sentry/conventions": "^0.16.0",
        "@sentry/core": "10.74.0"
      },
      "engines": {
        "node": ">=18"
      },
      "peerDependencies": {
        "@opentelemetry/api": "^1.9.0",
        "@opentelemetry/core": "^1.30.1 || ^2.1.0",
        "@opentelemetry/sdk-trace-base": "^1.30.1 || ^2.1.0"
      }
    },
    "node_modules/@sentry/server-utils": {
      "version": "10.74.0",
      "resolved": "https://registry.npmjs.org/@sentry/server-utils/-/server-utils-10.74.0.tgz",
      "integrity": "sha512-AHmPIGE8yVRyywpZRhAkm/H0cHTgsQSPhFZFbaeQLcYHFE/eOP9bAMh8Nj/Apr7WMagFXYHd04tR/63BxtLgKw==",
      "license": "MIT",
      "dependencies": {
        "@sentry/conventions": "^0.16.0",
        "@sentry/core": "10.74.0"
      },
      "engines": {
        "node": ">=18"
      }
    },
    "node_modules/@supabase/auth-js": {
      "version": "2.116.0",
      "resolved": "https://registry.npmjs.org/@supabase/auth-js/-/auth-js-2.116.0.tgz",
      "integrity": "sha512-Cmosty12gyKGK9N3bQb+lMmuAFev5nmUzaR1AsmZHqKOAGzqX1VQzmp49CNPwOx/pw0H9Qqk4rs9yhwTlKpfDg==",
      "license": "MIT",
      "dependencies": {
        "tslib": "2.8.1"
      },
      "engines": {
        "node": ">=22.0.0"
      }
    },
    "node_modules/@supabase/functions-js": {
      "version": "2.116.0",
      "resolved": "https://registry.npmjs.org/@supabase/functions-js/-/functions-js-2.116.0.tgz",
      "integrity": "sha512-E+VOc2QDcni/fySqkBFiZhnoB3SGydEdZgFI6/dEAGAHx6yEhB46TN9qb2wXs+E+RSzOBV0R6dasiSlw4xlZAA==",
      "license": "MIT",
      "dependencies": {
        "tslib": "2.8.1"
      },
      "engines": {
        "node": ">=22.0.0"
      }
    },
    "node_modules/@supabase/lite": {
      "version": "0.10.0",
      "resolved": "https://registry.npmjs.org/@supabase/lite/-/lite-0.10.0.tgz",
      "integrity": "sha512-//mwKgC/AzQ+FXOvSk602wq/MtaiFjiQIjEfbtTC/Vuuobdx87E2fZURltP6KSImRCO0V0JYYs9NKcJ8QC1p4A==",
      "license": "Apache-2.0",
      "dependencies": {
        "@commander-js/extra-typings": "^14.0.0",
        "@electric-sql/pglite": "0.4.5",
        "@hono/node-server": "^1.19.9",
        "@sentry/node": "^10.51.0",
        "@supabase/pg-delta": "1.0.0-alpha.34",
        "@supabase/supabase-js": "^2.97.0",
        "@vercel/detect-agent": "^1.2.3",
        "bcryptjs": "^3.0.3",
        "chokidar": "^5.0.0",
        "commander": "^14.0.3",
        "dotenv": "^17.3.1",
        "jose": "^6.1.3",
        "jsonv-ts": "^0.10.1",
        "kysely": "^0.28.11",
        "kysely-generic-sqlite": "^1.2.1",
        "kysely-postgres-js": "^3.0.0",
        "libpg-query": "17.7.3",
        "nodemailer": "^9.0.5",
        "pgsql-deparser": "17.18.3",
        "pgsql-parser": "17.9.15",
        "uuid": "^13.0.0"
      },
      "bin": {
        "lite": "dist/cli/index.js"
      },
      "peerDependencies": {
        "@libsql/client": "^0.17.4",
        "@supabase/supabase-js": ">=2.90.0",
        "postgres": "^3.4.8",
        "vite": "^5.0.0 || ^6.0.0 || ^7.0.0 || ^8.0.0"
      },
      "peerDependenciesMeta": {
        "@libsql/client": {
          "optional": true
        },
        "postgres": {
          "optional": true
        },
        "vite": {
          "optional": true
        }
      }
    },
    "node_modules/@supabase/pg-delta": {
      "version": "1.0.0-alpha.34",
      "resolved": "https://registry.npmjs.org/@supabase/pg-delta/-/pg-delta-1.0.0-alpha.34.tgz",
      "integrity": "sha512-xjNBdFl4/DXIxZufUK6t52wTywMS4sl1rcXvxTgh3mv1Q50tDeMPkjp8QM5YRjYo/mrdxZJ94kmbf6XAQn0jRg==",
      "license": "MIT",
      "dependencies": {
        "debug": "^4.3.7",
        "pg": "^8.17.2",
        "pg-connection-string": "^2.13.0"
      },
      "bin": {
        "pgdelta": "dist/cli/main.js"
      },
      "engines": {
        "node": ">=20.0.0"
      },
      "peerDependencies": {
        "@supabase/pg-topo": "^1.0.0-alpha.3"
      },
      "peerDependenciesMeta": {
        "@supabase/pg-topo": {
          "optional": true
        }
      }
    },
    "node_modules/@supabase/phoenix": {
      "version": "0.4.5",
      "resolved": "https://registry.npmjs.org/@supabase/phoenix/-/phoenix-0.4.5.tgz",
      "integrity": "sha512-aAn9H9ovVyeApKy11OWOrrOGq8DV68yWeH4ud2lN9fzn4aO8Zb5GLL9m1pUg9nLqIcT+ZDfAcsZe0E/nqdv2lw==",
      "license": "MIT"
    },
    "node_modules/@supabase/postgrest-js": {
      "version": "2.116.0",
      "resolved": "https://registry.npmjs.org/@supabase/postgrest-js/-/postgrest-js-2.116.0.tgz",
      "integrity": "sha512-kGpVZTDHxFTJS3tu+rU0iTAZ+4U0bcLVjxwCk8f3gRhjw3qdCZjTBlgYvc4kGH2XccmAzbkKwXL/mrNHMGSc+A==",
      "license": "MIT",
      "dependencies": {
        "tslib": "2.8.1"
      },
      "engines": {
        "node": ">=22.0.0"
      }
    },
    "node_modules/@supabase/realtime-js": {
      "version": "2.116.0",
      "resolved": "https://registry.npmjs.org/@supabase/realtime-js/-/realtime-js-2.116.0.tgz",
      "integrity": "sha512-MHAnlXxi2s6yiJsZsQMfs2B3RFxeVfQWxerqYhIMqcCQV/FuY3LIeouPEkXw/ah7wUWMLYwempF9MOCUScyddg==",
      "license": "MIT",
      "dependencies": {
        "@supabase/phoenix": "0.4.5",
        "tslib": "2.8.1"
      },
      "engines": {
        "node": ">=22.0.0"
      }
    },
    "node_modules/@supabase/storage-js": {
      "version": "2.116.0",
      "resolved": "https://registry.npmjs.org/@supabase/storage-js/-/storage-js-2.116.0.tgz",
      "integrity": "sha512-6/3hR6vccBP6oGM5B6RfbwZcTCKmQOodd/ZWQdsw8yJsU5zO/a//oBL6yLnmgxcjnHSrelW8rsO7hL5DPybyUQ==",
      "license": "MIT",
      "dependencies": {
        "iceberg-js": "^0.8.1",
        "tslib": "2.8.1"
      },
      "engines": {
        "node": ">=22.0.0"
      }
    },
    "node_modules/@supabase/supabase-js": {
      "version": "2.116.0",
      "resolved": "https://registry.npmjs.org/@supabase/supabase-js/-/supabase-js-2.116.0.tgz",
      "integrity": "sha512-YyWmKXt2NspV9iO8FPnlswUFJIRnrLd3oTCb+3ZyYRuKZtBH0xCUDgnUqoyA0fGUxpM/UhfwDjYf/dht/9bp7g==",
      "license": "MIT",
      "dependencies": {
        "@supabase/auth-js": "2.116.0",
        "@supabase/functions-js": "2.116.0",
        "@supabase/postgrest-js": "2.116.0",
        "@supabase/realtime-js": "2.116.0",
        "@supabase/storage-js": "2.116.0"
      },
      "engines": {
        "node": ">=22.0.0"
      },
      "peerDependencies": {
        "@opentelemetry/api": ">=1.0.0"
      },
      "peerDependenciesMeta": {
        "@opentelemetry/api": {
          "optional": true
        }
      }
    },
    "node_modules/@vercel/detect-agent": {
      "version": "1.2.5",
      "resolved": "https://registry.npmjs.org/@vercel/detect-agent/-/detect-agent-1.2.5.tgz",
      "integrity": "sha512-0krENrjuitlW8s6TJu0MlqCevyCU7K7JK63jZAf7xZ6n17tx+vUEwzHT3sTxawtwZxaW21hu+oFUpoOrm49FsQ==",
      "license": "Apache-2.0",
      "engines": {
        "node": ">=14"
      }
    },
    "node_modules/bcryptjs": {
      "version": "3.0.3",
      "resolved": "https://registry.npmjs.org/bcryptjs/-/bcryptjs-3.0.3.tgz",
      "integrity": "sha512-GlF5wPWnSa/X5LKM1o0wz0suXIINz1iHRLvTS+sLyi7XPbe5ycmYI3DlZqVGZZtDgl4DmasFg7gOB3JYbphV5g==",
      "license": "BSD-3-Clause",
      "bin": {
        "bcrypt": "bin/bcrypt"
      }
    },
    "node_modules/chokidar": {
      "version": "5.0.0",
      "resolved": "https://registry.npmjs.org/chokidar/-/chokidar-5.0.0.tgz",
      "integrity": "sha512-TQMmc3w+5AxjpL8iIiwebF73dRDF4fBIieAqGn9RGCWaEVwQ6Fb2cGe31Yns0RRIzii5goJ1Y7xbMwo1TxMplw==",
      "license": "MIT",
      "dependencies": {
        "readdirp": "^5.0.0"
      },
      "engines": {
        "node": ">= 20.19.0"
      },
      "funding": {
        "url": "https://paulmillr.com/funding/"
      }
    },
    "node_modules/cjs-module-lexer": {
      "version": "2.2.1",
      "resolved": "https://registry.npmjs.org/cjs-module-lexer/-/cjs-module-lexer-2.2.1.tgz",
      "integrity": "sha512-Ca8swihM+/4yKecYHY52kgJd300hi2lADU/a1RxNTRe+RJ9jvqQlESpbz9DnG9mowez8qwXHB8qYdIUw9e+F5Q==",
      "license": "MIT"
    },
    "node_modules/commander": {
      "version": "14.0.3",
      "resolved": "https://registry.npmjs.org/commander/-/commander-14.0.3.tgz",
      "integrity": "sha512-H+y0Jo/T1RZ9qPP4Eh1pkcQcLRglraJaSLoyOtHxu6AapkjWVCy2Sit1QQ4x3Dng8qDlSsZEet7g5Pq06MvTgw==",
      "license": "MIT",
      "engines": {
        "node": ">=20"
      }
    },
    "node_modules/debug": {
      "version": "4.4.3",
      "resolved": "https://registry.npmjs.org/debug/-/debug-4.4.3.tgz",
      "integrity": "sha512-RGwwWnwQvkVfavKVt22FGLw+xYSdzARwm0ru6DhTVA3umU5hZc28V3kO4stgYryrTlLpuvgI9GiijltAjNbcqA==",
      "license": "MIT",
      "dependencies": {
        "ms": "^2.1.3"
      },
      "engines": {
        "node": ">=6.0"
      },
      "peerDependenciesMeta": {
        "supports-color": {
          "optional": true
        }
      }
    },
    "node_modules/dotenv": {
      "version": "17.4.2",
      "resolved": "https://registry.npmjs.org/dotenv/-/dotenv-17.4.2.tgz",
      "integrity": "sha512-nI4U3TottKAcAD9LLud4Cb7b2QztQMUEfHbvhTH09bqXTxnSie8WnjPALV/WMCrJZ6UV/qHJ6L03OqO3LcdYZw==",
      "license": "BSD-2-Clause",
      "engines": {
        "node": ">=12"
      },
      "funding": {
        "url": "https://dotenvx.com"
      }
    },
    "node_modules/es-module-lexer": {
      "version": "3.0.2",
      "resolved": "https://registry.npmjs.org/es-module-lexer/-/es-module-lexer-3.0.2.tgz",
      "integrity": "sha512-BuIB67FngDSyQ/dpQNOZybwdEBDUGJQvOqwWr4ha/ufYiqzuEwPkKO2zLhRAgay28tStRIHUeWmszZAJo3GCOg==",
      "license": "MIT"
    },
    "node_modules/hono": {
      "version": "4.13.7",
      "resolved": "https://registry.npmjs.org/hono/-/hono-4.13.7.tgz",
      "integrity": "sha512-c8/gF9ac8Y78/agExVocyLevgR+JlpNB444Py0FSX8pJoPdYUfUzRcXtYEYGwt6l19qIlVZPN5Mfsw9jFShmQQ==",
      "license": "MIT",
      "engines": {
        "node": ">=16.9.0"
      }
    },
    "node_modules/iceberg-js": {
      "version": "0.8.1",
      "resolved": "https://registry.npmjs.org/iceberg-js/-/iceberg-js-0.8.1.tgz",
      "integrity": "sha512-1dhVQZXhcHje7798IVM+xoo/1ZdVfzOMIc8/rgVSijRK38EDqOJoGula9N/8ZI5RD8QTxNQtK/Gozpr+qUqRRA==",
      "license": "MIT",
      "engines": {
        "node": ">=20.0.0"
      }
    },
    "node_modules/import-in-the-middle": {
      "version": "3.5.0",
      "resolved": "https://registry.npmjs.org/import-in-the-middle/-/import-in-the-middle-3.5.0.tgz",
      "integrity": "sha512-O6wo8l0lhBuytKz3x8S65TvacFtoopji+gCVeEBbjCaRy75gkk4bCBQoVmY7OEZ63cbFK+yf77pDCTWaadV7hQ==",
      "license": "Apache-2.0",
      "dependencies": {
        "cjs-module-lexer": "^2.2.0",
        "es-module-lexer": "^3.0.2",
        "module-details-from-path": "^1.0.4"
      },
      "engines": {
        "node": ">=18"
      }
    },
    "node_modules/jose": {
      "version": "6.2.12",
      "resolved": "https://registry.npmjs.org/jose/-/jose-6.2.12.tgz",
      "integrity": "sha512-9NiFmJEex0sy2Dk58j2UGBSHgUs2ypF9eZSu4L6vjOX3Dp96Sw1F3uL+H+D1sx02jZZdzUT0HgvCy59CuvXcWw==",
      "license": "MIT",
      "funding": {
        "url": "https://github.com/sponsors/panva"
      }
    },
    "node_modules/jsonv-ts": {
      "version": "0.10.1",
      "resolved": "https://registry.npmjs.org/jsonv-ts/-/jsonv-ts-0.10.1.tgz",
      "integrity": "sha512-IfuXZigNjLQzW4X7dLRTpwd1pD1lk86SoXBWmLdF+VE6SE4PcXevWs8c/bPl7qVrZXhh8lYwbTF7TFtgO2/jXg==",
      "license": "MIT",
      "optionalDependencies": {
        "hono": "*"
      },
      "peerDependencies": {
        "typescript": "^5.0.0"
      }
    },
    "node_modules/kysely": {
      "version": "0.28.17",
      "resolved": "https://registry.npmjs.org/kysely/-/kysely-0.28.17.tgz",
      "integrity": "sha512-nbD8lB9EB3wNdMhOCdx5Li8DxnLbvKByylRLcJ1h+4SkrowVeECAyZlyiKMThF7xFdRz0jSQ2MoJr+wXux2y0Q==",
      "license": "MIT",
      "engines": {
        "node": ">=20.0.0"
      }
    },
    "node_modules/kysely-generic-sqlite": {
      "version": "1.2.1",
      "resolved": "https://registry.npmjs.org/kysely-generic-sqlite/-/kysely-generic-sqlite-1.2.1.tgz",
      "integrity": "sha512-/Bs3/Uktn04nQ9g/4oSphLMEtSHkS5+j5hbKjK5gMqXQfqr/v3V3FKtoN4pLTmo2W35hNdrIpQnBukGL1zZc6g==",
      "license": "MIT",
      "peerDependencies": {
        "kysely": ">=0.26"
      }
    },
    "node_modules/kysely-postgres-js": {
      "version": "3.0.0",
      "resolved": "https://registry.npmjs.org/kysely-postgres-js/-/kysely-postgres-js-3.0.0.tgz",
      "integrity": "sha512-o2t/xNSYJQDW6rVGGFPXKmZ0BEz2dGn66c2B+cO/k9ZNcU2qPWPycQPQ+B+P2MBXbKYq0xV9BZmFIvkUrmFWAQ==",
      "license": "MIT",
      "engines": {
        "bun": ">=1.2",
        "node": ">=20"
      },
      "peerDependencies": {
        "kysely": ">= 0.24.0 < 1",
        "postgres": "^3.4.0"
      },
      "peerDependenciesMeta": {
        "postgres": {
          "optional": true
        }
      }
    },
    "node_modules/libpg-query": {
      "version": "17.7.3",
      "resolved": "https://registry.npmjs.org/libpg-query/-/libpg-query-17.7.3.tgz",
      "integrity": "sha512-lHKBvoWRsXt/9bJxpAeFxkLu0CA6tELusqy3o1z6/DwGXSETxhKJDaNlNdrNV8msvXDLBhpg/4RE/fKKs5rYFA==",
      "license": "MIT",
      "dependencies": {
        "@pgsql/types": "^17.6.2"
      }
    },
    "node_modules/module-details-from-path": {
      "version": "1.0.4",
      "resolved": "https://registry.npmjs.org/module-details-from-path/-/module-details-from-path-1.0.4.tgz",
      "integrity": "sha512-EGWKgxALGMgzvxYF1UyGTy0HXX/2vHLkw6+NvDKW2jypWbHpjQuj4UMcqQWXHERJhVGKikolT06G3bcKe4fi7w==",
      "license": "MIT"
    },
    "node_modules/ms": {
      "version": "2.1.3",
      "resolved": "https://registry.npmjs.org/ms/-/ms-2.1.3.tgz",
      "integrity": "sha512-6FlzubTLZG3J2a/NVCAleEhjzq5oxgHyaCU9yYXvcLsvoVaHJq/s5xXI6/XXP6tz7R9xAOtHnSO/tXtF3WRTlA==",
      "license": "MIT"
    },
    "node_modules/nodemailer": {
      "version": "9.1.1",
      "resolved": "https://registry.npmjs.org/nodemailer/-/nodemailer-9.1.1.tgz",
      "integrity": "sha512-izw9mVKFix6YSnC9eLgV6g1opl9DUlRio9ZNcq+Wu9Ujn2UwF+8Nl0B8nz22kEC+CTZCvinkxwJ0DeFbb6NwcQ==",
      "license": "MIT-0",
      "engines": {
        "node": ">=6.0.0"
      }
    },
    "node_modules/pg": {
      "version": "8.23.0",
      "resolved": "https://registry.npmjs.org/pg/-/pg-8.23.0.tgz",
      "integrity": "sha512-Ip2EQCngowJLGOfCwkFhPXU7/ljlhn6Rxlmy4XYfL2Y+vyRM59+8uR2xqRWKdYmbXmxCFOAmKxBuSUCdF34qLg==",
      "license": "MIT",
      "dependencies": {
        "pg-connection-string": "^2.14.0",
        "pg-pool": "^3.14.0",
        "pg-protocol": "^1.16.0",
        "pg-types": "2.2.0",
        "pgpass": "1.0.5"
      },
      "engines": {
        "node": ">= 16.0.0"
      },
      "optionalDependencies": {
        "pg-cloudflare": "^1.4.0"
      },
      "peerDependencies": {
        "pg-native": ">=3.0.1"
      },
      "peerDependenciesMeta": {
        "pg-native": {
          "optional": true
        }
      }
    },
    "node_modules/pg-cloudflare": {
      "version": "1.4.0",
      "resolved": "https://registry.npmjs.org/pg-cloudflare/-/pg-cloudflare-1.4.0.tgz",
      "integrity": "sha512-Vo7z/6rrQYxpNRylp4Tlob2elzbh+N/MOQbxFVWCxS7oEx6jF53GTJFxK2WWpKuBRkmiin4Mt+xofFDjx09R0A==",
      "license": "MIT",
      "optional": true
    },
    "node_modules/pg-connection-string": {
      "version": "2.14.0",
      "resolved": "https://registry.npmjs.org/pg-connection-string/-/pg-connection-string-2.14.0.tgz",
      "integrity": "sha512-XwWDGcLRGCXAR8F/AM5bG7Q+A3Wm2s6QeEjlOKZLlH3UYcguiqCWKyWXVag5TLTIjR7oOJUY8kcADaZgWPyLeg==",
      "license": "MIT"
    },
    "node_modules/pg-int8": {
      "version": "1.0.1",
      "resolved": "https://registry.npmjs.org/pg-int8/-/pg-int8-1.0.1.tgz",
      "integrity": "sha512-WCtabS6t3c8SkpDBUlb1kjOs7l66xsGdKpIPZsg4wR+B3+u9UAum2odSsF9tnvxg80h4ZxLWMy4pRjOsFIqQpw==",
      "license": "ISC",
      "engines": {
        "node": ">=4.0.0"
      }
    },
    "node_modules/pg-pool": {
      "version": "3.14.0",
      "resolved": "https://registry.npmjs.org/pg-pool/-/pg-pool-3.14.0.tgz",
      "integrity": "sha512-gKtPkFdQPU3DksooVLi9LsjZxrsBUZIpa+7aVx+LV5pNh0KzP4Zleud2po+ConrxbuXGBJ6Hfer6hdgpIBpBaw==",
      "license": "MIT",
      "peerDependencies": {
        "pg": ">=8.0"
      }
    },
    "node_modules/pg-protocol": {
      "version": "1.16.0",
      "resolved": "https://registry.npmjs.org/pg-protocol/-/pg-protocol-1.16.0.tgz",
      "integrity": "sha512-sILXutLVjCLjcDuOmvhX5e2Z4cS5qG/6Bu3VkpFwdf/633ElGLpEh9bgmuI5I4sqKqkifQiGyiCcx1HdtrK7tg==",
      "license": "MIT"
    },
    "node_modules/pg-types": {
      "version": "2.2.0",
      "resolved": "https://registry.npmjs.org/pg-types/-/pg-types-2.2.0.tgz",
      "integrity": "sha512-qTAAlrEsl8s4OiEQY69wDvcMIdQN6wdz5ojQiOy6YRMuynxenON0O5oCpJI6lshc6scgAY8qvJ2On/p+CXY0GA==",
      "license": "MIT",
      "dependencies": {
        "pg-int8": "1.0.1",
        "postgres-array": "~2.0.0",
        "postgres-bytea": "~1.0.0",
        "postgres-date": "~1.0.4",
        "postgres-interval": "^1.1.0"
      },
      "engines": {
        "node": ">=4"
      }
    },
    "node_modules/pgpass": {
      "version": "1.0.5",
      "resolved": "https://registry.npmjs.org/pgpass/-/pgpass-1.0.5.tgz",
      "integrity": "sha512-FdW9r/jQZhSeohs1Z3sI1yxFQNFvMcnmfuj4WBMUTxOrAyLMaTcE1aAMBiTlbMNaXvBCQuVi0R7hd8udDSP7ug==",
      "license": "MIT",
      "dependencies": {
        "split2": "^4.1.0"
      }
    },
    "node_modules/pgsql-deparser": {
      "version": "17.18.3",
      "resolved": "https://registry.npmjs.org/pgsql-deparser/-/pgsql-deparser-17.18.3.tgz",
      "integrity": "sha512-lD8kPWgw9KAbUbKbQKgzDGzVdtEmp25N+7qZl62I7v8Uu9Wqy7+M0EOeU96++OgPD9S1pyp9MKNGzZzPJF2C4Q==",
      "license": "MIT",
      "dependencies": {
        "@pgsql/quotes": "17.1.0",
        "@pgsql/types": "^17.6.2"
      }
    },
    "node_modules/pgsql-parser": {
      "version": "17.9.15",
      "resolved": "https://registry.npmjs.org/pgsql-parser/-/pgsql-parser-17.9.15.tgz",
      "integrity": "sha512-6+k0EtTn0CEQTR5v2APARu9En4vm46TpmpdMSfKDHkZwWZuEc08B7SeVg32VxNQ2HD5xk+dQ9TD0k9m+S+vFgg==",
      "license": "MIT",
      "dependencies": {
        "@pgsql/types": "^17.6.2",
        "libpg-query": "17.7.3",
        "pgsql-deparser": "17.18.3"
      }
    },
    "node_modules/postgres": {
      "version": "3.4.9",
      "resolved": "https://registry.npmjs.org/postgres/-/postgres-3.4.9.tgz",
      "integrity": "sha512-GD3qdB0x1z9xgFI6cdRD6xu2Sp2WCOEoe3mtnyB5Ee0XrrL5Pe+e4CCnJrRMnL1zYtRDZmQQVbvOttLnKDLnaw==",
      "license": "Unlicense",
      "engines": {
        "node": ">=12"
      },
      "funding": {
        "type": "individual",
        "url": "https://github.com/sponsors/porsager"
      }
    },
    "node_modules/postgres-array": {
      "version": "2.0.0",
      "resolved": "https://registry.npmjs.org/postgres-array/-/postgres-array-2.0.0.tgz",
      "integrity": "sha512-VpZrUqU5A69eQyW2c5CA1jtLecCsN2U/bD6VilrFDWq5+5UIEVO7nazS3TEcHf1zuPYO/sqGvUvW62g86RXZuA==",
      "license": "MIT",
      "engines": {
        "node": ">=4"
      }
    },
    "node_modules/postgres-bytea": {
      "version": "1.0.1",
      "resolved": "https://registry.npmjs.org/postgres-bytea/-/postgres-bytea-1.0.1.tgz",
      "integrity": "sha512-5+5HqXnsZPE65IJZSMkZtURARZelel2oXUEO8rH83VS/hxH5vv1uHquPg5wZs8yMAfdv971IU+kcPUczi7NVBQ==",
      "license": "MIT",
      "engines": {
        "node": ">=0.10.0"
      }
    },
    "node_modules/postgres-date": {
      "version": "1.0.7",
      "resolved": "https://registry.npmjs.org/postgres-date/-/postgres-date-1.0.7.tgz",
      "integrity": "sha512-suDmjLVQg78nMK2UZ454hAG+OAW+HQPZ6n++TNDUX+L0+uUlLywnoxJKDou51Zm+zTCjrCl0Nq6J9C5hP9vK/Q==",
      "license": "MIT",
      "engines": {
        "node": ">=0.10.0"
      }
    },
    "node_modules/postgres-interval": {
      "version": "1.2.0",
      "resolved": "https://registry.npmjs.org/postgres-interval/-/postgres-interval-1.2.0.tgz",
      "integrity": "sha512-9ZhXKM/rw350N1ovuWHbGxnGh/SNJ4cnxHiM0rxE4VN41wsg8P8zWn9hv/buK00RP4WvlOyr/RBDiptyxVbkZQ==",
      "license": "MIT",
      "dependencies": {
        "xtend": "^4.0.0"
      },
      "engines": {
        "node": ">=0.10.0"
      }
    },
    "node_modules/readdirp": {
      "version": "5.1.1",
      "resolved": "https://registry.npmjs.org/readdirp/-/readdirp-5.1.1.tgz",
      "integrity": "sha512-Kko+Y5XQ6fM+Ce3dq3m9YGxnacYZYl9cA1wZjaF3Vbry2L3i1qVg8+CAgNPsXRArPMUMCaOR7oa9Nqntc43JKA==",
      "license": "MIT",
      "engines": {
        "node": ">= 20.19.0"
      },
      "funding": {
        "type": "individual",
        "url": "https://paulmillr.com/funding/"
      }
    },
    "node_modules/require-in-the-middle": {
      "version": "8.0.1",
      "resolved": "https://registry.npmjs.org/require-in-the-middle/-/require-in-the-middle-8.0.1.tgz",
      "integrity": "sha512-QT7FVMXfWOYFbeRBF6nu+I6tr2Tf3u0q8RIEjNob/heKY/nh7drD/k7eeMFmSQgnTtCzLDcCu/XEnpW2wk4xCQ==",
      "license": "MIT",
      "dependencies": {
        "debug": "^4.3.5",
        "module-details-from-path": "^1.0.3"
      },
      "engines": {
        "node": ">=9.3.0 || >=8.10.0 <9.0.0"
      }
    },
    "node_modules/split2": {
      "version": "4.2.0",
      "resolved": "https://registry.npmjs.org/split2/-/split2-4.2.0.tgz",
      "integrity": "sha512-UcjcJOWknrNkF6PLX83qcHM6KHgVKNkV62Y8a5uYDVv9ydGQVwAHMKqHdJje1VTWpljG0WYpCDhrCdAOYH4TWg==",
      "license": "ISC",
      "engines": {
        "node": ">= 10.x"
      }
    },
    "node_modules/tslib": {
      "version": "2.8.1",
      "resolved": "https://registry.npmjs.org/tslib/-/tslib-2.8.1.tgz",
      "integrity": "sha512-oJFu94HQb+KVduSUQL7wnpmqnfmLsOA/nAh6b6EH0wCEoK0/mPeXU6c3wKDV83MkOuHPRHtSXKKU99IBazS/2w==",
      "license": "0BSD"
    },
    "node_modules/typescript": {
      "version": "5.9.3",
      "resolved": "https://registry.npmjs.org/typescript/-/typescript-5.9.3.tgz",
      "integrity": "sha512-jl1vZzPDinLr9eUt3J/t7V6FgNEw9QjvBPdysz9KfQDD41fQrC2Y4vKQdiaUpFT4bXlb1RHhLpp8wtm6M5TgSw==",
      "license": "Apache-2.0",
      "peer": true,
      "bin": {
        "tsc": "bin/tsc",
        "tsserver": "bin/tsserver"
      },
      "engines": {
        "node": ">=14.17"
      }
    },
    "node_modules/uuid": {
      "version": "13.0.2",
      "resolved": "https://registry.npmjs.org/uuid/-/uuid-13.0.2.tgz",
      "integrity": "sha512-vzi9uRZ926x4XV73S/4qQaTwPXM2JBj6/6lI/byHH1jOpCzb0zDbfytgA9LcN/hzb2l7WQSQnxITOVx5un/wGw==",
      "funding": [
        "https://github.com/sponsors/broofa",
        "https://github.com/sponsors/ctavan"
      ],
      "license": "MIT",
      "bin": {
        "uuid": "dist-node/bin/uuid"
      }
    },
    "node_modules/xtend": {
      "version": "4.0.2",
      "resolved": "https://registry.npmjs.org/xtend/-/xtend-4.0.2.tgz",
      "integrity": "sha512-LKYU1iAXJXUgAXn9URjiu+MWhyUXHsvfp7mcuYm9dSUKK0/CjtrUwFAxD82/mCWbtLsGjFIad0wIsod4zrTAEQ==",
      "license": "MIT",
      "engines": {
        "node": ">=0.4"
      }
    }
  }
}
