{
  "lockfileVersion": 1,
  "configVersion": 0,
  "workspaces": {
    "": {
      "name": "monthly-budget-planner",
      "dependencies": {
        "@supabase/lite": "https://pkg.pr.new/@supabase/lite@210",
        "@supabase/supabase-js": "^2.106.1",
        "react": "^19.2.6",
        "react-dom": "^19.2.6",
      },
      "devDependencies": {
        "@types/react": "^19.2.15",
        "@types/react-dom": "^19.2.3",
        "@vitejs/plugin-react": "^6.0.2",
        "typescript": "^6.0.3",
        "vite": "^8.0.13",
      },
    },
  },
  "packages": {
    "@babel/code-frame": ["@babel/code-frame@7.29.0", "", { "dependencies": { "@babel/helper-validator-identifier": "^7.28.5", "js-tokens": "^4.0.0", "picocolors": "^1.1.1" } }, ""],

    "@babel/generator": ["@babel/generator@7.29.1", "", { "dependencies": { "@babel/parser": "^7.29.0", "@babel/types": "^7.29.0", "@jridgewell/gen-mapping": "^0.3.12", "@jridgewell/trace-mapping": "^0.3.28", "jsesc": "^3.0.2" } }, ""],

    "@babel/helper-globals": ["@babel/helper-globals@7.28.0", "", {}, ""],

    "@babel/helper-string-parser": ["@babel/helper-string-parser@7.27.1", "", {}, ""],

    "@babel/helper-validator-identifier": ["@babel/helper-validator-identifier@7.28.5", "", {}, ""],

    "@babel/parser": ["@babel/parser@7.29.3", "", { "dependencies": { "@babel/types": "^7.29.0" }, "bin": { "parser": "bin/babel-parser.js" } }, ""],

    "@babel/template": ["@babel/template@7.28.6", "", { "dependencies": { "@babel/code-frame": "^7.28.6", "@babel/parser": "^7.28.6", "@babel/types": "^7.28.6" } }, ""],

    "@babel/traverse": ["@babel/traverse@7.28.5", "", { "dependencies": { "@babel/code-frame": "^7.27.1", "@babel/generator": "^7.28.5", "@babel/helper-globals": "^7.28.0", "@babel/parser": "^7.28.5", "@babel/template": "^7.27.2", "@babel/types": "^7.28.5", "debug": "^4.3.1" } }, ""],

    "@babel/types": ["@babel/types@7.28.5", "", { "dependencies": { "@babel/helper-string-parser": "^7.27.1", "@babel/helper-validator-identifier": "^7.28.5" } }, ""],

    "@commander-js/extra-typings": ["@commander-js/extra-typings@14.0.0", "", { "peerDependencies": { "commander": "~14.0.0" } }, ""],

    "@electric-sql/pglite": ["@electric-sql/pglite@0.4.5", "", {}, ""],

    "@emnapi/core": ["@emnapi/core@1.10.0", "", { "dependencies": { "@emnapi/wasi-threads": "1.2.1", "tslib": "^2.4.0" } }, "sha512-yq6OkJ4p82CAfPl0u9mQebQHKPJkY7WrIuk205cTYnYe+k2Z8YBh11FrbRG/H6ihirqcacOgl2BIO8oyMQLeXw=="],

    "@emnapi/runtime": ["@emnapi/runtime@1.10.0", "", { "dependencies": { "tslib": "^2.4.0" } }, "sha512-ewvYlk86xUoGI0zQRNq/mC+16R1QeDlKQy21Ki3oSYXNgLb45GV1P6A0M+/s6nyCuNDqe5VpaY84BzXGwVbwFA=="],

    "@emnapi/wasi-threads": ["@emnapi/wasi-threads@1.2.1", "", { "dependencies": { "tslib": "^2.4.0" } }, "sha512-uTII7OYF+/Mes/MrcIOYp5yOtSMLBWSIoLPpcgwipoiKbli6k322tcoFsxoIIxPDqW01SQGAgko4EzZi2BNv2w=="],

    "@fastify/otel": ["@fastify/otel@0.18.0", "", { "dependencies": { "@opentelemetry/core": "^2.0.0", "@opentelemetry/instrumentation": "^0.212.0", "@opentelemetry/semantic-conventions": "^1.28.0", "minimatch": "^10.2.4" }, "peerDependencies": { "@opentelemetry/api": "^1.9.0" } }, ""],

    "@hono/node-server": ["@hono/node-server@1.19.14", "", {}, ""],

    "@jridgewell/gen-mapping": ["@jridgewell/gen-mapping@0.3.13", "", { "dependencies": { "@jridgewell/sourcemap-codec": "^1.5.0", "@jridgewell/trace-mapping": "^0.3.24" } }, ""],

    "@jridgewell/resolve-uri": ["@jridgewell/resolve-uri@3.1.2", "", {}, ""],

    "@jridgewell/sourcemap-codec": ["@jridgewell/sourcemap-codec@1.5.5", "", {}, ""],

    "@jridgewell/trace-mapping": ["@jridgewell/trace-mapping@0.3.31", "", { "dependencies": { "@jridgewell/resolve-uri": "^3.1.0", "@jridgewell/sourcemap-codec": "^1.4.14" } }, ""],

    "@launchql/protobufjs": ["@launchql/protobufjs@7.2.6", "", { "dependencies": { "@protobufjs/aspromise": "^1.1.2", "@protobufjs/base64": "^1.1.2", "@protobufjs/codegen": "^2.0.4", "@protobufjs/eventemitter": "^1.1.0", "@protobufjs/fetch": "^1.1.0", "@protobufjs/float": "^1.0.2", "@protobufjs/inquire": "^1.1.0", "@protobufjs/path": "^1.1.2", "@protobufjs/pool": "^1.1.0", "@protobufjs/utf8": "^1.1.0", "@types/node": ">=13.7.0", "long": "^5.0.0" } }, ""],

    "@libpg-query/parser": ["@libpg-query/parser@17.6.10", "", { "dependencies": { "@launchql/protobufjs": "7.2.6", "@pgsql/types": "^17.6.0" } }, ""],

    "@napi-rs/wasm-runtime": ["@napi-rs/wasm-runtime@1.1.4", "", { "dependencies": { "@tybys/wasm-util": "^0.10.1" }, "peerDependencies": { "@emnapi/core": "^1.7.1", "@emnapi/runtime": "^1.7.1" } }, "sha512-3NQNNgA1YSlJb/kMH1ildASP9HW7/7kYnRI2szWJaofaS1hWmbGI4H+d3+22aGzXXN9IJ+n+GiFVcGipJP18ow=="],

    "@opentelemetry/api": ["@opentelemetry/api@1.9.1", "", {}, ""],

    "@opentelemetry/api-logs": ["@opentelemetry/api-logs@0.214.0", "", { "dependencies": { "@opentelemetry/api": "^1.3.0" } }, ""],

    "@opentelemetry/core": ["@opentelemetry/core@2.7.1", "", { "dependencies": { "@opentelemetry/semantic-conventions": "^1.29.0" }, "peerDependencies": { "@opentelemetry/api": ">=1.0.0 <1.10.0" } }, ""],

    "@opentelemetry/instrumentation": ["@opentelemetry/instrumentation@0.214.0", "", { "dependencies": { "@opentelemetry/api-logs": "0.214.0", "import-in-the-middle": "^3.0.0", "require-in-the-middle": "^8.0.0" }, "peerDependencies": { "@opentelemetry/api": "^1.3.0" } }, ""],

    "@opentelemetry/instrumentation-amqplib": ["@opentelemetry/instrumentation-amqplib@0.61.0", "", { "dependencies": { "@opentelemetry/core": "^2.0.0", "@opentelemetry/instrumentation": "^0.214.0", "@opentelemetry/semantic-conventions": "^1.33.0" }, "peerDependencies": { "@opentelemetry/api": "^1.3.0" } }, ""],

    "@opentelemetry/instrumentation-connect": ["@opentelemetry/instrumentation-connect@0.57.0", "", { "dependencies": { "@opentelemetry/core": "^2.0.0", "@opentelemetry/instrumentation": "^0.214.0", "@opentelemetry/semantic-conventions": "^1.27.0", "@types/connect": "3.4.38" }, "peerDependencies": { "@opentelemetry/api": "^1.3.0" } }, ""],

    "@opentelemetry/instrumentation-dataloader": ["@opentelemetry/instrumentation-dataloader@0.31.0", "", { "dependencies": { "@opentelemetry/instrumentation": "^0.214.0" }, "peerDependencies": { "@opentelemetry/api": "^1.3.0" } }, ""],

    "@opentelemetry/instrumentation-fs": ["@opentelemetry/instrumentation-fs@0.33.0", "", { "dependencies": { "@opentelemetry/core": "^2.0.0", "@opentelemetry/instrumentation": "^0.214.0" }, "peerDependencies": { "@opentelemetry/api": "^1.3.0" } }, ""],

    "@opentelemetry/instrumentation-generic-pool": ["@opentelemetry/instrumentation-generic-pool@0.57.0", "", { "dependencies": { "@opentelemetry/instrumentation": "^0.214.0" }, "peerDependencies": { "@opentelemetry/api": "^1.3.0" } }, ""],

    "@opentelemetry/instrumentation-graphql": ["@opentelemetry/instrumentation-graphql@0.62.0", "", { "dependencies": { "@opentelemetry/instrumentation": "^0.214.0" }, "peerDependencies": { "@opentelemetry/api": "^1.3.0" } }, ""],

    "@opentelemetry/instrumentation-hapi": ["@opentelemetry/instrumentation-hapi@0.60.0", "", { "dependencies": { "@opentelemetry/core": "^2.0.0", "@opentelemetry/instrumentation": "^0.214.0", "@opentelemetry/semantic-conventions": "^1.27.0" }, "peerDependencies": { "@opentelemetry/api": "^1.3.0" } }, ""],

    "@opentelemetry/instrumentation-http": ["@opentelemetry/instrumentation-http@0.214.0", "", { "dependencies": { "@opentelemetry/core": "2.6.1", "@opentelemetry/instrumentation": "0.214.0", "@opentelemetry/semantic-conventions": "^1.29.0", "forwarded-parse": "2.1.2" }, "peerDependencies": { "@opentelemetry/api": "^1.3.0" } }, ""],

    "@opentelemetry/instrumentation-kafkajs": ["@opentelemetry/instrumentation-kafkajs@0.23.0", "", { "dependencies": { "@opentelemetry/instrumentation": "^0.214.0", "@opentelemetry/semantic-conventions": "^1.30.0" }, "peerDependencies": { "@opentelemetry/api": "^1.3.0" } }, ""],

    "@opentelemetry/instrumentation-knex": ["@opentelemetry/instrumentation-knex@0.58.0", "", { "dependencies": { "@opentelemetry/instrumentation": "^0.214.0", "@opentelemetry/semantic-conventions": "^1.33.1" }, "peerDependencies": { "@opentelemetry/api": "^1.3.0" } }, ""],

    "@opentelemetry/instrumentation-koa": ["@opentelemetry/instrumentation-koa@0.62.0", "", { "dependencies": { "@opentelemetry/core": "^2.0.0", "@opentelemetry/instrumentation": "^0.214.0", "@opentelemetry/semantic-conventions": "^1.36.0" }, "peerDependencies": { "@opentelemetry/api": "^1.9.0" } }, ""],

    "@opentelemetry/instrumentation-lru-memoizer": ["@opentelemetry/instrumentation-lru-memoizer@0.58.0", "", { "dependencies": { "@opentelemetry/instrumentation": "^0.214.0" }, "peerDependencies": { "@opentelemetry/api": "^1.3.0" } }, ""],

    "@opentelemetry/instrumentation-mongodb": ["@opentelemetry/instrumentation-mongodb@0.67.0", "", { "dependencies": { "@opentelemetry/instrumentation": "^0.214.0", "@opentelemetry/semantic-conventions": "^1.33.0" }, "peerDependencies": { "@opentelemetry/api": "^1.3.0" } }, ""],

    "@opentelemetry/instrumentation-mongoose": ["@opentelemetry/instrumentation-mongoose@0.60.0", "", { "dependencies": { "@opentelemetry/core": "^2.0.0", "@opentelemetry/instrumentation": "^0.214.0", "@opentelemetry/semantic-conventions": "^1.33.0" }, "peerDependencies": { "@opentelemetry/api": "^1.3.0" } }, ""],

    "@opentelemetry/instrumentation-mysql": ["@opentelemetry/instrumentation-mysql@0.60.0", "", { "dependencies": { "@opentelemetry/instrumentation": "^0.214.0", "@opentelemetry/semantic-conventions": "^1.33.0", "@types/mysql": "2.15.27" }, "peerDependencies": { "@opentelemetry/api": "^1.3.0" } }, ""],

    "@opentelemetry/instrumentation-mysql2": ["@opentelemetry/instrumentation-mysql2@0.60.0", "", { "dependencies": { "@opentelemetry/instrumentation": "^0.214.0", "@opentelemetry/semantic-conventions": "^1.33.0", "@opentelemetry/sql-common": "^0.41.2" }, "peerDependencies": { "@opentelemetry/api": "^1.3.0" } }, ""],

    "@opentelemetry/instrumentation-pg": ["@opentelemetry/instrumentation-pg@0.66.0", "", { "dependencies": { "@opentelemetry/core": "^2.0.0", "@opentelemetry/instrumentation": "^0.214.0", "@opentelemetry/semantic-conventions": "^1.34.0", "@opentelemetry/sql-common": "^0.41.2", "@types/pg": "8.15.6", "@types/pg-pool": "2.0.7" }, "peerDependencies": { "@opentelemetry/api": "^1.3.0" } }, ""],

    "@opentelemetry/instrumentation-tedious": ["@opentelemetry/instrumentation-tedious@0.33.0", "", { "dependencies": { "@opentelemetry/instrumentation": "^0.214.0", "@opentelemetry/semantic-conventions": "^1.33.0", "@types/tedious": "^4.0.14" }, "peerDependencies": { "@opentelemetry/api": "^1.3.0" } }, ""],

    "@opentelemetry/resources": ["@opentelemetry/resources@2.7.1", "", { "dependencies": { "@opentelemetry/core": "2.7.1", "@opentelemetry/semantic-conventions": "^1.29.0" }, "peerDependencies": { "@opentelemetry/api": ">=1.3.0 <1.10.0" } }, ""],

    "@opentelemetry/sdk-trace-base": ["@opentelemetry/sdk-trace-base@2.7.1", "", { "dependencies": { "@opentelemetry/core": "2.7.1", "@opentelemetry/resources": "2.7.1", "@opentelemetry/semantic-conventions": "^1.29.0" }, "peerDependencies": { "@opentelemetry/api": ">=1.3.0 <1.10.0" } }, ""],

    "@opentelemetry/semantic-conventions": ["@opentelemetry/semantic-conventions@1.41.1", "", {}, ""],

    "@opentelemetry/sql-common": ["@opentelemetry/sql-common@0.41.2", "", { "dependencies": { "@opentelemetry/core": "^2.0.0" }, "peerDependencies": { "@opentelemetry/api": "^1.1.0" } }, ""],

    "@oxc-project/types": ["@oxc-project/types@0.130.0", "", {}, ""],

    "@pgsql/quotes": ["@pgsql/quotes@17.1.0", "", {}, ""],

    "@pgsql/traverse": ["@pgsql/traverse@17.2.6", "", { "dependencies": { "@pgsql/types": "^17.6.2", "pg-proto-parser": "1.30.6" } }, ""],

    "@pgsql/types": ["@pgsql/types@17.6.2", "", {}, ""],

    "@prisma/instrumentation": ["@prisma/instrumentation@7.6.0", "", { "dependencies": { "@opentelemetry/instrumentation": "^0.207.0" }, "peerDependencies": { "@opentelemetry/api": "^1.8" } }, ""],

    "@protobufjs/aspromise": ["@protobufjs/aspromise@1.1.2", "", {}, ""],

    "@protobufjs/base64": ["@protobufjs/base64@1.1.2", "", {}, ""],

    "@protobufjs/codegen": ["@protobufjs/codegen@2.0.5", "", {}, ""],

    "@protobufjs/eventemitter": ["@protobufjs/eventemitter@1.1.0", "", {}, ""],

    "@protobufjs/fetch": ["@protobufjs/fetch@1.1.1", "", { "dependencies": { "@protobufjs/aspromise": "^1.1.1" } }, ""],

    "@protobufjs/float": ["@protobufjs/float@1.0.2", "", {}, ""],

    "@protobufjs/inquire": ["@protobufjs/inquire@1.1.2", "", {}, ""],

    "@protobufjs/path": ["@protobufjs/path@1.1.2", "", {}, ""],

    "@protobufjs/pool": ["@protobufjs/pool@1.1.0", "", {}, ""],

    "@protobufjs/utf8": ["@protobufjs/utf8@1.1.1", "", {}, ""],

    "@rolldown/binding-android-arm64": ["@rolldown/binding-android-arm64@1.0.1", "", { "os": "android", "cpu": "arm64" }, "sha512-fJI3I0r3C3Oj/zdBCpaCmBRZYf07xpaq4yCfDDoSFm+beWNzbIl26puW8RraUdugoJw/95zerNOn6jasAhzSmg=="],

    "@rolldown/binding-darwin-arm64": ["@rolldown/binding-darwin-arm64@1.0.1", "", { "os": "darwin", "cpu": "arm64" }, ""],

    "@rolldown/binding-darwin-x64": ["@rolldown/binding-darwin-x64@1.0.1", "", { "os": "darwin", "cpu": "x64" }, "sha512-YKrVwQjIRBPo+5G/u03wGjbdy4q7pyzCe93DK9VJ7zkVmeg8LJ7GbgsiHWdR4xSoe4CAXRD7Bcjgbtr64bkXNg=="],

    "@rolldown/binding-freebsd-x64": ["@rolldown/binding-freebsd-x64@1.0.1", "", { "os": "freebsd", "cpu": "x64" }, "sha512-z/oBsREo46SsFqBwYtFe0kpJeBijAT48O/WXLI4suiCLBkr03RTtTJMCzSdDd2znlh8VJizL09XVkQgk8IZonw=="],

    "@rolldown/binding-linux-arm-gnueabihf": ["@rolldown/binding-linux-arm-gnueabihf@1.0.1", "", { "os": "linux", "cpu": "arm" }, "sha512-ik8q7GM11zxvYxFc2PeDcT6TBvhCQMaUxfph/M5l9sKuTs/Sjg3L+Byw0F7w0ZVLBZmx30P+gG0ECzzN+MFcmQ=="],

    "@rolldown/binding-linux-arm64-gnu": ["@rolldown/binding-linux-arm64-gnu@1.0.1", "", { "os": "linux", "cpu": "arm64" }, "sha512-QoSx2EkyrrdZ6kcyE8stqZ62t0Yra8Fs5ia9lOxJrh6TMQJK7gQKmscdTHf7pOXKREKrVwOtJcQG3qVSfc866A=="],

    "@rolldown/binding-linux-arm64-musl": ["@rolldown/binding-linux-arm64-musl@1.0.1", "", { "os": "linux", "cpu": "arm64" }, "sha512-uwNwFpwKeNiZawfAWBgg0VIztPTV3ihhh1vV334h9ivnNLorxnQMU6Fz8wG1Zb4Qh9LC1/MkcyT3YlDXG3Rsgg=="],

    "@rolldown/binding-linux-ppc64-gnu": ["@rolldown/binding-linux-ppc64-gnu@1.0.1", "", { "os": "linux", "cpu": "ppc64" }, "sha512-zY1bul7OWr7DFBiJ++wofXvnr8B45ce3QsQUhKrIhXsygAh7bTkwyeM1bi1a2g5C/yC/N8TZyGDEoMfm/l9mpg=="],

    "@rolldown/binding-linux-s390x-gnu": ["@rolldown/binding-linux-s390x-gnu@1.0.1", "", { "os": "linux", "cpu": "s390x" }, "sha512-0frlsT/f4Ft6I7SMESTKnF3cZsdicQn1dCMkF/jT9wDLE+gGoiQfv1nmT9e+s7s/fekvvy6tZM2jHvI2tkbJDQ=="],

    "@rolldown/binding-linux-x64-gnu": ["@rolldown/binding-linux-x64-gnu@1.0.1", "", { "os": "linux", "cpu": "x64" }, "sha512-XABVmGp9Tg0WspTVvwduTc4fpqy6JnAUrSQe6OuyqD/03nI7r0O9OWUkMIwFrjKAIqolvqoA4ZrJppgwE0Gxmw=="],

    "@rolldown/binding-linux-x64-musl": ["@rolldown/binding-linux-x64-musl@1.0.1", "", { "os": "linux", "cpu": "x64" }, "sha512-bV4fzswuzVcKD90o/VM6QqKxnxlDq0g2BISDLNVmxrnhpv1DDbyPhCIjYfvzYLV+MvkKKnQt2Q6AO86SEBULUQ=="],

    "@rolldown/binding-openharmony-arm64": ["@rolldown/binding-openharmony-arm64@1.0.1", "", { "os": "none", "cpu": "arm64" }, "sha512-/Mh0Zhq3OP7fVs0kcQHZP6lZEthMGTaSf8UBQYSFEZDWGXXlEC+nJ6EqenaK2t4LBXMe3A+K/G2BVXXdtOr4PQ=="],

    "@rolldown/binding-wasm32-wasi": ["@rolldown/binding-wasm32-wasi@1.0.1", "", { "dependencies": { "@emnapi/core": "1.10.0", "@emnapi/runtime": "1.10.0", "@napi-rs/wasm-runtime": "^1.1.4" }, "cpu": "none" }, "sha512-+1xc9X45l8ufsBAm6Gjvx2qDRIY9lTVt0cgWNcJ+1gdhXvkbxePA60yRTwSTuXL09CMhyJmjpV7E3NoyxbqFQQ=="],

    "@rolldown/binding-win32-arm64-msvc": ["@rolldown/binding-win32-arm64-msvc@1.0.1", "", { "os": "win32", "cpu": "arm64" }, "sha512-1D+UqZdfnuR+Jy1GgMJwi85bD40H21uNmOPRWQhw4oRSuolZ/B5rixZ45DK2KXOTCvmVCecauWgEhbw8bI7tOw=="],

    "@rolldown/binding-win32-x64-msvc": ["@rolldown/binding-win32-x64-msvc@1.0.1", "", { "os": "win32", "cpu": "x64" }, "sha512-INAycaWuhlOK3wk4mRHGsdgwYWmd9cChdPdE9bwWmy6rn9VqVNYNFGhOdXrofXUxwHIncSiPNb8tNm8knDVIeQ=="],

    "@rolldown/pluginutils": ["@rolldown/pluginutils@1.0.1", "", {}, ""],

    "@sentry/core": ["@sentry/core@10.53.1", "", {}, ""],

    "@sentry/node": ["@sentry/node@10.53.1", "", { "dependencies": { "@fastify/otel": "0.18.0", "@opentelemetry/api": "^1.9.1", "@opentelemetry/core": "^2.6.1", "@opentelemetry/instrumentation": "^0.214.0", "@opentelemetry/instrumentation-amqplib": "0.61.0", "@opentelemetry/instrumentation-connect": "0.57.0", "@opentelemetry/instrumentation-dataloader": "0.31.0", "@opentelemetry/instrumentation-fs": "0.33.0", "@opentelemetry/instrumentation-generic-pool": "0.57.0", "@opentelemetry/instrumentation-graphql": "0.62.0", "@opentelemetry/instrumentation-hapi": "0.60.0", "@opentelemetry/instrumentation-http": "0.214.0", "@opentelemetry/instrumentation-kafkajs": "0.23.0", "@opentelemetry/instrumentation-knex": "0.58.0", "@opentelemetry/instrumentation-koa": "0.62.0", "@opentelemetry/instrumentation-lru-memoizer": "0.58.0", "@opentelemetry/instrumentation-mongodb": "0.67.0", "@opentelemetry/instrumentation-mongoose": "0.60.0", "@opentelemetry/instrumentation-mysql": "0.60.0", "@opentelemetry/instrumentation-mysql2": "0.60.0", "@opentelemetry/instrumentation-pg": "0.66.0", "@opentelemetry/instrumentation-tedious": "0.33.0", "@opentelemetry/sdk-trace-base": "^2.6.1", "@opentelemetry/semantic-conventions": "^1.40.0", "@prisma/instrumentation": "7.6.0", "@sentry/core": "10.53.1", "@sentry/node-core": "10.53.1", "@sentry/opentelemetry": "10.53.1", "import-in-the-middle": "^3.0.0" } }, ""],

    "@sentry/node-core": ["@sentry/node-core@10.53.1", "", { "dependencies": { "@sentry/core": "10.53.1", "@sentry/opentelemetry": "10.53.1", "import-in-the-middle": "^3.0.0" }, "peerDependencies": { "@opentelemetry/api": "^1.9.0", "@opentelemetry/core": "^1.30.1 || ^2.1.0", "@opentelemetry/exporter-trace-otlp-http": ">=0.57.0 <1", "@opentelemetry/instrumentation": ">=0.57.1 <1", "@opentelemetry/sdk-trace-base": "^1.30.1 || ^2.1.0", "@opentelemetry/semantic-conventions": "^1.39.0" }, "optionalPeers": ["@opentelemetry/exporter-trace-otlp-http"] }, ""],

    "@sentry/opentelemetry": ["@sentry/opentelemetry@10.53.1", "", { "dependencies": { "@sentry/core": "10.53.1" }, "peerDependencies": { "@opentelemetry/api": "^1.9.0", "@opentelemetry/core": "^1.30.1 || ^2.1.0", "@opentelemetry/sdk-trace-base": "^1.30.1 || ^2.1.0", "@opentelemetry/semantic-conventions": "^1.39.0" } }, ""],

    "@stricli/core": ["@stricli/core@1.2.7", "", {}, ""],

    "@supabase/auth-js": ["@supabase/auth-js@2.106.1", "", { "dependencies": { "tslib": "2.8.1" } }, ""],

    "@supabase/functions-js": ["@supabase/functions-js@2.106.1", "", { "dependencies": { "tslib": "2.8.1" } }, ""],

    "@supabase/lite": ["@supabase/lite@https://pkg.pr.new/@supabase/lite@210", { "dependencies": { "@commander-js/extra-typings": "^14.0.0", "@electric-sql/pglite": "0.4.5", "@hono/node-server": "^1.19.9", "@sentry/node": "^10.51.0", "@supabase/pg-delta": "1.0.0-alpha.10", "@vercel/detect-agent": "^1.2.3", "bcryptjs": "^3.0.3", "chokidar": "^5.0.0", "commander": "^14.0.3", "dotenv": "^17.3.1", "kysely": "^0.28.11", "kysely-generic-sqlite": "^1.2.1", "kysely-postgres-js": "^3.0.0", "libpg-query": "17.7.3", "pgsql-deparser": "17.18.3", "pgsql-parser": "17.9.15", "uuid": "^13.0.0" }, "peerDependencies": { "@supabase/supabase-js": ">=2.90.0", "postgres": "^3.4.8", "vite": "^5.0.0 || ^6.0.0 || ^7.0.0 || ^8.0.0" }, "optionalPeers": ["postgres"], "bin": { "lite": "dist/cli/index.js" } }, "sha512-8X3KJKfxTrT83f2Hnh359kaL33ypQyDKd6N6CrrWQiEdprst99h6IvsdYm4uXpysLjtXAKv3rMzM2LCzZ63YWw=="],

    "@supabase/pg-delta": ["@supabase/pg-delta@1.0.0-alpha.10", "", { "dependencies": { "@stricli/core": "^1.2.4", "@supabase/pg-topo": "^1.0.0-alpha.1", "@ts-safeql/sql-tag": "^0.2.0", "chalk": "^5.6.2", "debug": "^4.3.7", "pg": "^8.17.2", "zod": "^4.2.1" }, "bin": { "pgdelta": "dist/cli/bin/cli.js" } }, ""],

    "@supabase/pg-topo": ["@supabase/pg-topo@1.0.0-alpha.1", "", { "dependencies": { "@pgsql/traverse": "^17.2.4", "plpgsql-parser": "^0.5.4" } }, ""],

    "@supabase/phoenix": ["@supabase/phoenix@0.4.2", "", {}, ""],

    "@supabase/postgrest-js": ["@supabase/postgrest-js@2.106.1", "", { "dependencies": { "tslib": "2.8.1" } }, ""],

    "@supabase/realtime-js": ["@supabase/realtime-js@2.106.1", "", { "dependencies": { "@supabase/phoenix": "^0.4.2", "tslib": "2.8.1" } }, ""],

    "@supabase/storage-js": ["@supabase/storage-js@2.106.1", "", { "dependencies": { "iceberg-js": "^0.8.1", "tslib": "2.8.1" } }, ""],

    "@supabase/supabase-js": ["@supabase/supabase-js@2.106.1", "", { "dependencies": { "@supabase/auth-js": "2.106.1", "@supabase/functions-js": "2.106.1", "@supabase/postgrest-js": "2.106.1", "@supabase/realtime-js": "2.106.1", "@supabase/storage-js": "2.106.1" } }, ""],

    "@ts-safeql/sql-tag": ["@ts-safeql/sql-tag@0.2.2", "", {}, ""],

    "@tybys/wasm-util": ["@tybys/wasm-util@0.10.2", "", { "dependencies": { "tslib": "^2.4.0" } }, "sha512-RoBvJ2X0wuKlWFIjrwffGw1IqZHKQqzIchKaadZZfnNpsAYp2mM0h36JtPCjNDAHGgYez/15uMBpfGwchhiMgg=="],

    "@types/connect": ["@types/connect@3.4.38", "", { "dependencies": { "@types/node": "*" } }, ""],

    "@types/mysql": ["@types/mysql@2.15.27", "", { "dependencies": { "@types/node": "*" } }, ""],

    "@types/node": ["@types/node@25.9.1", "", { "dependencies": { "undici-types": ">=7.24.0 <7.24.7" } }, ""],

    "@types/pg": ["@types/pg@8.15.6", "", { "dependencies": { "@types/node": "*", "pg-protocol": "*", "pg-types": "^2.2.0" } }, ""],

    "@types/pg-pool": ["@types/pg-pool@2.0.7", "", { "dependencies": { "@types/pg": "*" } }, ""],

    "@types/react": ["@types/react@19.2.15", "", { "dependencies": { "csstype": "^3.2.2" } }, ""],

    "@types/react-dom": ["@types/react-dom@19.2.3", "", { "peerDependencies": { "@types/react": "^19.2.0" } }, ""],

    "@types/tedious": ["@types/tedious@4.0.14", "", { "dependencies": { "@types/node": "*" } }, ""],

    "@vercel/detect-agent": ["@vercel/detect-agent@1.2.3", "", {}, ""],

    "@vitejs/plugin-react": ["@vitejs/plugin-react@6.0.2", "", { "dependencies": { "@rolldown/pluginutils": "^1.0.0" }, "peerDependencies": { "@rolldown/plugin-babel": "^0.1.7 || ^0.2.0", "babel-plugin-react-compiler": "^1.0.0", "vite": "^8.0.0" }, "optionalPeers": ["@rolldown/plugin-babel", "babel-plugin-react-compiler"] }, ""],

    "acorn": ["acorn@8.16.0", "", { "bin": "bin/acorn" }, ""],

    "acorn-import-attributes": ["acorn-import-attributes@1.9.5", "", { "peerDependencies": { "acorn": "^8" } }, ""],

    "balanced-match": ["balanced-match@4.0.4", "", {}, ""],

    "bcryptjs": ["bcryptjs@3.0.3", "", { "bin": { "bcrypt": "bin/bcrypt" } }, ""],

    "brace-expansion": ["brace-expansion@5.0.6", "", { "dependencies": { "balanced-match": "^4.0.2" } }, ""],

    "case": ["case@1.6.3", "", {}, ""],

    "chalk": ["chalk@5.6.2", "", {}, ""],

    "chokidar": ["chokidar@5.0.0", "", { "dependencies": { "readdirp": "^5.0.0" } }, ""],

    "cjs-module-lexer": ["cjs-module-lexer@2.2.0", "", {}, ""],

    "commander": ["commander@14.0.3", "", {}, ""],

    "csstype": ["csstype@3.2.3", "", {}, ""],

    "debug": ["debug@4.4.3", "", { "dependencies": { "ms": "^2.1.3" } }, ""],

    "deepmerge": ["deepmerge@4.3.1", "", {}, ""],

    "detect-libc": ["detect-libc@2.1.2", "", {}, ""],

    "dotenv": ["dotenv@17.4.2", "", {}, ""],

    "fdir": ["fdir@6.5.0", "", { "peerDependencies": { "picomatch": "^3 || ^4" } }, ""],

    "forwarded-parse": ["forwarded-parse@2.1.2", "", {}, ""],

    "fsevents": ["fsevents@2.3.3", "", { "os": "darwin" }, ""],

    "iceberg-js": ["iceberg-js@0.8.1", "", {}, ""],

    "import-in-the-middle": ["import-in-the-middle@3.0.1", "", { "dependencies": { "acorn": "^8.15.0", "acorn-import-attributes": "^1.9.5", "cjs-module-lexer": "^2.2.0", "module-details-from-path": "^1.0.4" } }, ""],

    "js-tokens": ["js-tokens@4.0.0", "", {}, ""],

    "jsesc": ["jsesc@3.1.0", "", { "bin": "bin/jsesc" }, ""],

    "kysely": ["kysely@0.28.17", "", {}, ""],

    "kysely-generic-sqlite": ["kysely-generic-sqlite@1.2.1", "", { "peerDependencies": { "kysely": ">=0.26" } }, ""],

    "kysely-postgres-js": ["kysely-postgres-js@3.0.0", "", { "peerDependencies": { "kysely": ">= 0.24.0 < 1", "postgres": "^3.4.0" }, "optionalPeers": ["postgres"] }, ""],

    "libpg-query": ["libpg-query@17.7.3", "", { "dependencies": { "@pgsql/types": "^17.6.2" } }, ""],

    "lightningcss": ["lightningcss@1.32.0", "", { "dependencies": { "detect-libc": "^2.0.3" }, "optionalDependencies": { "lightningcss-android-arm64": "1.32.0", "lightningcss-darwin-arm64": "1.32.0", "lightningcss-darwin-x64": "1.32.0", "lightningcss-freebsd-x64": "1.32.0", "lightningcss-linux-arm-gnueabihf": "1.32.0", "lightningcss-linux-arm64-gnu": "1.32.0", "lightningcss-linux-arm64-musl": "1.32.0", "lightningcss-linux-x64-gnu": "1.32.0", "lightningcss-linux-x64-musl": "1.32.0", "lightningcss-win32-arm64-msvc": "1.32.0", "lightningcss-win32-x64-msvc": "1.32.0" } }, ""],

    "lightningcss-android-arm64": ["lightningcss-android-arm64@1.32.0", "", { "os": "android", "cpu": "arm64" }, "sha512-YK7/ClTt4kAK0vo6w3X+Pnm0D2cf2vPHbhOXdoNti1Ga0al1P4TBZhwjATvjNwLEBCnKvjJc2jQgHXH0NEwlAg=="],

    "lightningcss-darwin-arm64": ["lightningcss-darwin-arm64@1.32.0", "", { "os": "darwin", "cpu": "arm64" }, ""],

    "lightningcss-darwin-x64": ["lightningcss-darwin-x64@1.32.0", "", { "os": "darwin", "cpu": "x64" }, "sha512-U+QsBp2m/s2wqpUYT/6wnlagdZbtZdndSmut/NJqlCcMLTWp5muCrID+K5UJ6jqD2BFshejCYXniPDbNh73V8w=="],

    "lightningcss-freebsd-x64": ["lightningcss-freebsd-x64@1.32.0", "", { "os": "freebsd", "cpu": "x64" }, "sha512-JCTigedEksZk3tHTTthnMdVfGf61Fky8Ji2E4YjUTEQX14xiy/lTzXnu1vwiZe3bYe0q+SpsSH/CTeDXK6WHig=="],

    "lightningcss-linux-arm-gnueabihf": ["lightningcss-linux-arm-gnueabihf@1.32.0", "", { "os": "linux", "cpu": "arm" }, "sha512-x6rnnpRa2GL0zQOkt6rts3YDPzduLpWvwAF6EMhXFVZXD4tPrBkEFqzGowzCsIWsPjqSK+tyNEODUBXeeVHSkw=="],

    "lightningcss-linux-arm64-gnu": ["lightningcss-linux-arm64-gnu@1.32.0", "", { "os": "linux", "cpu": "arm64" }, "sha512-0nnMyoyOLRJXfbMOilaSRcLH3Jw5z9HDNGfT/gwCPgaDjnx0i8w7vBzFLFR1f6CMLKF8gVbebmkUN3fa/kQJpQ=="],

    "lightningcss-linux-arm64-musl": ["lightningcss-linux-arm64-musl@1.32.0", "", { "os": "linux", "cpu": "arm64" }, "sha512-UpQkoenr4UJEzgVIYpI80lDFvRmPVg6oqboNHfoH4CQIfNA+HOrZ7Mo7KZP02dC6LjghPQJeBsvXhJod/wnIBg=="],

    "lightningcss-linux-x64-gnu": ["lightningcss-linux-x64-gnu@1.32.0", "", { "os": "linux", "cpu": "x64" }, "sha512-V7Qr52IhZmdKPVr+Vtw8o+WLsQJYCTd8loIfpDaMRWGUZfBOYEJeyJIkqGIDMZPwPx24pUMfwSxxI8phr/MbOA=="],

    "lightningcss-linux-x64-musl": ["lightningcss-linux-x64-musl@1.32.0", "", { "os": "linux", "cpu": "x64" }, "sha512-bYcLp+Vb0awsiXg/80uCRezCYHNg1/l3mt0gzHnWV9XP1W5sKa5/TCdGWaR/zBM2PeF/HbsQv/j2URNOiVuxWg=="],

    "lightningcss-win32-arm64-msvc": ["lightningcss-win32-arm64-msvc@1.32.0", "", { "os": "win32", "cpu": "arm64" }, "sha512-8SbC8BR40pS6baCM8sbtYDSwEVQd4JlFTOlaD3gWGHfThTcABnNDBda6eTZeqbofalIJhFx0qKzgHJmcPTnGdw=="],

    "lightningcss-win32-x64-msvc": ["lightningcss-win32-x64-msvc@1.32.0", "", { "os": "win32", "cpu": "x64" }, "sha512-Amq9B/SoZYdDi1kFrojnoqPLxYhQ4Wo5XiL8EVJrVsB8ARoC1PWW6VGtT0WKCemjy8aC+louJnjS7U18x3b06Q=="],

    "long": ["long@5.3.2", "", {}, ""],

    "minimatch": ["minimatch@10.2.5", "", { "dependencies": { "brace-expansion": "^5.0.5" } }, ""],

    "module-details-from-path": ["module-details-from-path@1.0.4", "", {}, ""],

    "ms": ["ms@2.1.3", "", {}, ""],

    "nanoid": ["nanoid@3.3.12", "", { "bin": "bin/nanoid.cjs" }, ""],

    "nested-obj": ["nested-obj@0.2.2", "", {}, ""],

    "pg": ["pg@8.21.0", "", { "dependencies": { "pg-connection-string": "^2.13.0", "pg-pool": "^3.14.0", "pg-protocol": "^1.14.0", "pg-types": "2.2.0", "pgpass": "1.0.5" }, "optionalDependencies": { "pg-cloudflare": "^1.4.0" }, "peerDependencies": { "pg-native": ">=3.0.1" }, "optionalPeers": ["pg-native"] }, ""],

    "pg-cloudflare": ["pg-cloudflare@1.4.0", "", {}, ""],

    "pg-connection-string": ["pg-connection-string@2.13.0", "", {}, ""],

    "pg-int8": ["pg-int8@1.0.1", "", {}, ""],

    "pg-pool": ["pg-pool@3.14.0", "", { "peerDependencies": { "pg": ">=8.0" } }, ""],

    "pg-proto-parser": ["pg-proto-parser@1.30.6", "", { "dependencies": { "@babel/generator": "^7.23.6", "@babel/parser": "^7.23.6", "@babel/traverse": "7.28.5", "@babel/types": "7.28.5", "@launchql/protobufjs": "7.2.6", "case": "1.6.3", "deepmerge": "4.3.1", "nested-obj": "^0.2.2", "strfy-js": "^3.1.5" } }, ""],

    "pg-protocol": ["pg-protocol@1.14.0", "", {}, ""],

    "pg-types": ["pg-types@2.2.0", "", { "dependencies": { "pg-int8": "1.0.1", "postgres-array": "~2.0.0", "postgres-bytea": "~1.0.0", "postgres-date": "~1.0.4", "postgres-interval": "^1.1.0" } }, ""],

    "pgpass": ["pgpass@1.0.5", "", { "dependencies": { "split2": "^4.1.0" } }, ""],

    "pgsql-deparser": ["pgsql-deparser@17.18.3", "", { "dependencies": { "@pgsql/quotes": "17.1.0", "@pgsql/types": "^17.6.2" } }, ""],

    "pgsql-parser": ["pgsql-parser@17.9.15", "", { "dependencies": { "@pgsql/types": "^17.6.2", "libpg-query": "17.7.3", "pgsql-deparser": "17.18.3" } }, ""],

    "picocolors": ["picocolors@1.1.1", "", {}, ""],

    "picomatch": ["picomatch@4.0.4", "", {}, ""],

    "plpgsql-deparser": ["plpgsql-deparser@0.7.7", "", { "dependencies": { "@pgsql/types": "^17.6.2", "pgsql-deparser": "17.18.3" } }, ""],

    "plpgsql-parser": ["plpgsql-parser@0.5.9", "", { "dependencies": { "@libpg-query/parser": "^17.6.3", "@pgsql/traverse": "17.2.6", "@pgsql/types": "^17.6.2", "pgsql-deparser": "17.18.3", "plpgsql-deparser": "0.7.7" } }, ""],

    "postcss": ["postcss@8.5.15", "", { "dependencies": { "nanoid": "^3.3.12", "picocolors": "^1.1.1", "source-map-js": "^1.2.1" } }, ""],

    "postgres-array": ["postgres-array@2.0.0", "", {}, ""],

    "postgres-bytea": ["postgres-bytea@1.0.1", "", {}, ""],

    "postgres-date": ["postgres-date@1.0.7", "", {}, ""],

    "postgres-interval": ["postgres-interval@1.2.0", "", { "dependencies": { "xtend": "^4.0.0" } }, ""],

    "react": ["react@19.2.6", "", {}, ""],

    "react-dom": ["react-dom@19.2.6", "", { "dependencies": { "scheduler": "^0.27.0" }, "peerDependencies": { "react": "^19.2.6" } }, ""],

    "readdirp": ["readdirp@5.0.0", "", {}, ""],

    "require-in-the-middle": ["require-in-the-middle@8.0.1", "", { "dependencies": { "debug": "^4.3.5", "module-details-from-path": "^1.0.3" } }, ""],

    "rolldown": ["rolldown@1.0.1", "", { "dependencies": { "@oxc-project/types": "=0.130.0", "@rolldown/pluginutils": "^1.0.0" }, "optionalDependencies": { "@rolldown/binding-android-arm64": "1.0.1", "@rolldown/binding-darwin-arm64": "1.0.1", "@rolldown/binding-darwin-x64": "1.0.1", "@rolldown/binding-freebsd-x64": "1.0.1", "@rolldown/binding-linux-arm-gnueabihf": "1.0.1", "@rolldown/binding-linux-arm64-gnu": "1.0.1", "@rolldown/binding-linux-arm64-musl": "1.0.1", "@rolldown/binding-linux-ppc64-gnu": "1.0.1", "@rolldown/binding-linux-s390x-gnu": "1.0.1", "@rolldown/binding-linux-x64-gnu": "1.0.1", "@rolldown/binding-linux-x64-musl": "1.0.1", "@rolldown/binding-openharmony-arm64": "1.0.1", "@rolldown/binding-wasm32-wasi": "1.0.1", "@rolldown/binding-win32-arm64-msvc": "1.0.1", "@rolldown/binding-win32-x64-msvc": "1.0.1" }, "bin": "bin/cli.mjs" }, ""],

    "scheduler": ["scheduler@0.27.0", "", {}, ""],

    "source-map-js": ["source-map-js@1.2.1", "", {}, ""],

    "split2": ["split2@4.2.0", "", {}, ""],

    "strfy-js": ["strfy-js@3.2.2", "", { "dependencies": { "minimatch": "^10.1.1" } }, ""],

    "tinyglobby": ["tinyglobby@0.2.16", "", { "dependencies": { "fdir": "^6.5.0", "picomatch": "^4.0.4" } }, ""],

    "tslib": ["tslib@2.8.1", "", {}, ""],

    "typescript": ["typescript@6.0.3", "", { "bin": { "tsc": "bin/tsc", "tsserver": "bin/tsserver" } }, ""],

    "undici-types": ["undici-types@7.24.6", "", {}, ""],

    "uuid": ["uuid@13.0.2", "", { "bin": "dist-node/bin/uuid" }, ""],

    "vite": ["vite@8.0.13", "", { "dependencies": { "lightningcss": "^1.32.0", "picomatch": "^4.0.4", "postcss": "^8.5.14", "rolldown": "1.0.1", "tinyglobby": "^0.2.16" }, "optionalDependencies": { "fsevents": "~2.3.3" }, "peerDependencies": { "@types/node": "^20.19.0 || >=22.12.0", "@vitejs/devtools": "^0.1.18", "esbuild": "^0.27.0 || ^0.28.0", "jiti": ">=1.21.0", "less": "^4.0.0", "sass": "^1.70.0", "sass-embedded": "^1.70.0", "stylus": ">=0.54.8", "sugarss": "^5.0.0", "terser": "^5.16.0", "tsx": "^4.8.1", "yaml": "^2.4.2" }, "optionalPeers": ["@vitejs/devtools", "esbuild", "jiti", "less", "sass", "sass-embedded", "stylus", "sugarss", "terser", "tsx", "yaml"], "bin": "bin/vite.js" }, ""],

    "xtend": ["xtend@4.0.2", "", {}, ""],

    "zod": ["zod@4.4.3", "", {}, ""],

    "@babel/generator/@babel/types": ["@babel/types@7.29.0", "", { "dependencies": { "@babel/helper-string-parser": "^7.27.1", "@babel/helper-validator-identifier": "^7.28.5" } }, ""],

    "@babel/parser/@babel/types": ["@babel/types@7.29.0", "", { "dependencies": { "@babel/helper-string-parser": "^7.27.1", "@babel/helper-validator-identifier": "^7.28.5" } }, ""],

    "@babel/template/@babel/types": ["@babel/types@7.29.0", "", { "dependencies": { "@babel/helper-string-parser": "^7.27.1", "@babel/helper-validator-identifier": "^7.28.5" } }, ""],

    "@fastify/otel/@opentelemetry/instrumentation": ["@opentelemetry/instrumentation@0.212.0", "", { "dependencies": { "@opentelemetry/api-logs": "0.212.0", "import-in-the-middle": "^2.0.6", "require-in-the-middle": "^8.0.0" }, "peerDependencies": { "@opentelemetry/api": "^1.3.0" } }, ""],

    "@opentelemetry/instrumentation-http/@opentelemetry/core": ["@opentelemetry/core@2.6.1", "", { "dependencies": { "@opentelemetry/semantic-conventions": "^1.29.0" }, "peerDependencies": { "@opentelemetry/api": ">=1.0.0 <1.10.0" } }, ""],

    "@prisma/instrumentation/@opentelemetry/instrumentation": ["@opentelemetry/instrumentation@0.207.0", "", { "dependencies": { "@opentelemetry/api-logs": "0.207.0", "import-in-the-middle": "^2.0.0", "require-in-the-middle": "^8.0.0" }, "peerDependencies": { "@opentelemetry/api": "^1.3.0" } }, ""],

    "@fastify/otel/@opentelemetry/instrumentation/@opentelemetry/api-logs": ["@opentelemetry/api-logs@0.212.0", "", { "dependencies": { "@opentelemetry/api": "^1.3.0" } }, ""],

    "@fastify/otel/@opentelemetry/instrumentation/import-in-the-middle": ["import-in-the-middle@2.0.6", "", { "dependencies": { "acorn": "^8.15.0", "acorn-import-attributes": "^1.9.5", "cjs-module-lexer": "^2.2.0", "module-details-from-path": "^1.0.4" } }, ""],

    "@prisma/instrumentation/@opentelemetry/instrumentation/@opentelemetry/api-logs": ["@opentelemetry/api-logs@0.207.0", "", { "dependencies": { "@opentelemetry/api": "^1.3.0" } }, ""],

    "@prisma/instrumentation/@opentelemetry/instrumentation/import-in-the-middle": ["import-in-the-middle@2.0.6", "", { "dependencies": { "acorn": "^8.15.0", "acorn-import-attributes": "^1.9.5", "cjs-module-lexer": "^2.2.0", "module-details-from-path": "^1.0.4" } }, ""],
  }
}
